
Microsoft Visual Studio Solution File, Format Version 12.00
# Visual Studio Version 16
VisualStudioVersion = 16.0.29728.190
MinimumVisualStudioVersion = 15.0.26124.0
Project("{2150E333-8FDC-42A3-9474-1A3956D46DE8}") = "src", "src", "{510A075E-9607-4A7F-9A81-A2E2AFA50597}"
EndProject
Project("{9A19103F-16F7-4668-BE54-9A1E7A4F7556}") = "Api", "src\Api\Api.csproj", "{259B9175-5EA5-4ECF-9A01-0ACD1064ADE7}"
EndProject
Project("{2150E333-8FDC-42A3-9474-1A3956D46DE8}") = "Solution Items", "Solution Items", "{15BB23D9-4FE5-474F-A75F-91A1158DAB20}"
	ProjectSection(SolutionItems) = preProject
		LICENSE = LICENSE
		README.md = README.md
	EndProjectSection
EndProject
Project("{9A19103F-16F7-4668-BE54-9A1E7A4F7556}") = "Core", "src\Core\Core.csproj", "{72ACC4F8-CEF9-48A4-B1E5-D7E3395A952F}"
EndProject
Project("{FAE04EC0-301F-11D3-BF4B-00C04F79EFBC}") = "GraphApi", "src\GraphQL\GraphApi.csproj", "{2C2EB3FD-9824-4C78-BC27-34FF55AE8049}"
EndProject
Global
	GlobalSection(SolutionConfigurationPlatforms) = preSolution
		Debug|Any CPU = Debug|Any CPU
		Debug|x64 = Debug|x64
		Debug|x86 = Debug|x86
		Release|Any CPU = Release|Any CPU
		Release|x64 = Release|x64
		Release|x86 = Release|x86
	EndGlobalSection
	GlobalSection(ProjectConfigurationPlatforms) = postSolution
		{259B9175-5EA5-4ECF-9A01-0ACD1064ADE7}.Debug|Any CPU.ActiveCfg = Debug|Any CPU
		{259B9175-5EA5-4ECF-9A01-0ACD1064ADE7}.Debug|Any CPU.Build.0 = Debug|Any CPU
		{259B9175-5EA5-4ECF-9A01-0ACD1064ADE7}.Debug|x64.ActiveCfg = Debug|Any CPU
		{259B9175-5EA5-4ECF-9A01-0ACD1064ADE7}.Debug|x64.Build.0 = Debug|Any CPU
		{259B9175-5EA5-4ECF-9A01-0ACD1064ADE7}.Debug|x86.ActiveCfg = Debug|Any CPU
		{259B9175-5EA5-4ECF-9A01-0ACD1064ADE7}.Debug|x86.Build.0 = Debug|Any CPU
		{259B9175-5EA5-4ECF-9A01-0ACD1064ADE7}.Release|Any CPU.ActiveCfg = Release|Any CPU
		{259B9175-5EA5-4ECF-9A01-0ACD1064ADE7}.Release|Any CPU.Build.0 = Release|Any CPU
		{259B9175-5EA5-4ECF-9A01-0ACD1064ADE7}.Release|x64.ActiveCfg = Release|Any CPU
		{259B9175-5EA5-4ECF-9A01-0ACD1064ADE7}.Release|x64.Build.0 = Release|Any CPU
		{259B9175-5EA5-4ECF-9A01-0ACD1064ADE7}.Release|x86.ActiveCfg = Release|Any CPU
		{259B9175-5EA5-4ECF-9A01-0ACD1064ADE7}.Release|x86.Build.0 = Release|Any CPU
		{72ACC4F8-CEF9-48A4-B1E5-D7E3395A952F}.Debug|Any CPU.ActiveCfg = Debug|Any CPU
		{72ACC4F8-CEF9-48A4-B1E5-D7E3395A952F}.Debug|Any CPU.Build.0 = Debug|Any CPU
		{72ACC4F8-CEF9-48A4-B1E5-D7E3395A952F}.Debug|x64.ActiveCfg = Debug|Any CPU
		{72ACC4F8-CEF9-48A4-B1E5-D7E3395A952F}.Debug|x64.Build.0 = Debug|Any CPU
		{72ACC4F8-CEF9-48A4-B1E5-D7E3395A952F}.Debug|x86.ActiveCfg = Debug|Any CPU
		{72ACC4F8-CEF9-48A4-B1E5-D7E3395A952F}.Debug|x86.Build.0 = Debug|Any CPU
		{72ACC4F8-CEF9-48A4-B1E5-D7E3395A952F}.Release|Any CPU.ActiveCfg = Release|Any CPU
		{72ACC4F8-CEF9-48A4-B1E5-D7E3395A952F}.Release|Any CPU.Build.0 = Release|Any CPU
		{72ACC4F8-CEF9-48A4-B1E5-D7E3395A952F}.Release|x64.ActiveCfg = Release|Any CPU
		{72ACC4F8-CEF9-48A4-B1E5-D7E3395A952F}.Release|x64.Build.0 = Release|Any CPU
		{72ACC4F8-CEF9-48A4-B1E5-D7E3395A952F}.Release|x86.ActiveCfg = Release|Any CPU
		{72ACC4F8-CEF9-48A4-B1E5-D7E3395A952F}.Release|x86.Build.0 = Release|Any CPU
		{2C2EB3FD-9824-4C78-BC27-34FF55AE8049}.Debug|Any CPU.ActiveCfg = Debug|Any CPU
		{2C2EB3FD-9824-4C78-BC27-34FF55AE8049}.Debug|Any CPU.Build.0 = Debug|Any CPU
		{2C2EB3FD-9824-4C78-BC27-34FF55AE8049}.Debug|x64.ActiveCfg = Debug|Any CPU
		{2C2EB3FD-9824-4C78-BC27-34FF55AE8049}.Debug|x64.Build.0 = Debug|Any CPU
		{2C2EB3FD-9824-4C78-BC27-34FF55AE8049}.Debug|x86.ActiveCfg = Debug|Any CPU
		{2C2EB3FD-9824-4C78-BC27-34FF55AE8049}.Debug|x86.Build.0 = Debug|Any CPU
		{2C2EB3FD-9824-4C78-BC27-34FF55AE8049}.Release|Any CPU.ActiveCfg = Release|Any CPU
		{2C2EB3FD-9824-4C78-BC27-34FF55AE8049}.Release|Any CPU.Build.0 = Release|Any CPU
		{2C2EB3FD-9824-4C78-BC27-34FF55AE8049}.Release|x64.ActiveCfg = Release|Any CPU
		{2C2EB3FD-9824-4C78-BC27-34FF55AE8049}.Release|x64.Build.0 = Release|Any CPU
		{2C2EB3FD-9824-4C78-BC27-34FF55AE8049}.Release|x86.ActiveCfg = Release|Any CPU
		{2C2EB3FD-9824-4C78-BC27-34FF55AE8049}.Release|x86.Build.0 = Release|Any CPU
	EndGlobalSection
	GlobalSection(SolutionProperties) = preSolution
		HideSolutionNode = FALSE
	EndGlobalSection
	GlobalSection(NestedProjects) = preSolution
		{259B9175-5EA5-4ECF-9A01-0ACD1064ADE7} = {510A075E-9607-4A7F-9A81-A2E2AFA50597}
		{72ACC4F8-CEF9-48A4-B1E5-D7E3395A952F} = {510A075E-9607-4A7F-9A81-A2E2AFA50597}
		{2C2EB3FD-9824-4C78-BC27-34FF55AE8049} = {510A075E-9607-4A7F-9A81-A2E2AFA50597}
	EndGlobalSection
	GlobalSection(ExtensibilityGlobals) = postSolution
		SolutionGuid = {7DF8990D-CC5E-4D3D-98D6-9AF59BBFD2A4}
	EndGlobalSection
EndGlobal
