
Microsoft Visual Studio Solution File, Format Version 12.00
# Visual Studio Version 16
VisualStudioVersion = 16.0.29728.190
MinimumVisualStudioVersion = 15.0.26124.0
Project("{2150E333-8FDC-42A3-9474-1A3956D46DE8}") = "src", "src", "{510A075E-9607-4A7F-9A81-A2E2AFA50597}"
EndProject
Project("{9A19103F-16F7-4668-BE54-9A1E7A4F7556}") = "Api", "src\Api\Api.csproj", "{259B9175-5EA5-4ECF-9A01-0ACD1064ADE7}"
EndProject
Global
	GlobalSection(SolutionConfigurationPlatforms) = preSolution
		Debug|Any CPU = Debug|Any CPU
		Debug|x64 = Debug|x64
		Debug|x86 = Debug|x86
		Release|Any CPU = Release|Any CPU
		Release|x64 = Release|x64
		Release|x86 = Release|x86
	EndGlobalSection
	GlobalSection(ProjectConfigurationPlatforms) = postSolution
		{259B9175-5EA5-4ECF-9A01-0ACD1064ADE7}.Debug|Any CPU.ActiveCfg = Debug|Any CPU
		{259B9175-5EA5-4ECF-9A01-0ACD1064ADE7}.Debug|Any CPU.Build.0 = Debug|Any CPU
		{259B9175-5EA5-4ECF-9A01-0ACD1064ADE7}.Debug|x64.ActiveCfg = Debug|Any CPU
		{259B9175-5EA5-4ECF-9A01-0ACD1064ADE7}.Debug|x64.Build.0 = Debug|Any CPU
		{259B9175-5EA5-4ECF-9A01-0ACD1064ADE7}.Debug|x86.ActiveCfg = Debug|Any CPU
		{259B9175-5EA5-4ECF-9A01-0ACD1064ADE7}.Debug|x86.Build.0 = Debug|Any CPU
		{259B9175-5EA5-4ECF-9A01-0ACD1064ADE7}.Release|Any CPU.ActiveCfg = Release|Any CPU
		{259B9175-5EA5-4ECF-9A01-0ACD1064ADE7}.Release|Any CPU.Build.0 = Release|Any CPU
		{259B9175-5EA5-4ECF-9A01-0ACD1064ADE7}.Release|x64.ActiveCfg = Release|Any CPU
		{259B9175-5EA5-4ECF-9A01-0ACD1064ADE7}.Release|x64.Build.0 = Release|Any CPU
		{259B9175-5EA5-4ECF-9A01-0ACD1064ADE7}.Release|x86.ActiveCfg = Release|Any CPU
		{259B9175-5EA5-4ECF-9A01-0ACD1064ADE7}.Release|x86.Build.0 = Release|Any CPU
	EndGlobalSection
	GlobalSection(SolutionProperties) = preSolution
		HideSolutionNode = FALSE
	EndGlobalSection
	GlobalSection(NestedProjects) = preSolution
		{259B9175-5EA5-4ECF-9A01-0ACD1064ADE7} = {510A075E-9607-4A7F-9A81-A2E2AFA50597}
	EndGlobalSection
	GlobalSection(ExtensibilityGlobals) = postSolution
		SolutionGuid = {7DF8990D-CC5E-4D3D-98D6-9AF59BBFD2A4}
	EndGlobalSection
EndGlobal
